
Microsoft Visual Studio Solution File, Format Version 12.00
# Visual Studio Version 16
VisualStudioVersion = 16.0.31911.196
MinimumVisualStudioVersion = 10.0.40219.1
Project("{FAE04EC0-301F-11D3-BF4B-00C04F79EFBC}") = "SuportesBalanceados", "SuportesBalanceados\SuportesBalanceados.csproj", "{4164227B-DB7A-49EC-AFC6-FCB672A39FAF}"
EndProject
Project("{FAE04EC0-301F-11D3-BF4B-00C04F79EFBC}") = "Testes", "TesteSuportesBalanceados\Testes.csproj", "{386DD423-AEB2-4B22-B21B-5680A8396117}"
EndProject
Global
	GlobalSection(SolutionConfigurationPlatforms) = preSolution
		Debug|Any CPU = Debug|Any CPU
		Release|Any CPU = Release|Any CPU
	EndGlobalSection
	GlobalSection(ProjectConfigurationPlatforms) = postSolution
		{4164227B-DB7A-49EC-AFC6-FCB672A39FAF}.Debug|Any CPU.ActiveCfg = Debug|Any CPU
		{4164227B-DB7A-49EC-AFC6-FCB672A39FAF}.Debug|Any CPU.Build.0 = Debug|Any CPU
		{4164227B-DB7A-49EC-AFC6-FCB672A39FAF}.Release|Any CPU.ActiveCfg = Release|Any CPU
		{4164227B-DB7A-49EC-AFC6-FCB672A39FAF}.Release|Any CPU.Build.0 = Release|Any CPU
		{386DD423-AEB2-4B22-B21B-5680A8396117}.Debug|Any CPU.ActiveCfg = Debug|Any CPU
		{386DD423-AEB2-4B22-B21B-5680A8396117}.Debug|Any CPU.Build.0 = Debug|Any CPU
		{386DD423-AEB2-4B22-B21B-5680A8396117}.Release|Any CPU.ActiveCfg = Release|Any CPU
		{386DD423-AEB2-4B22-B21B-5680A8396117}.Release|Any CPU.Build.0 = Release|Any CPU
	EndGlobalSection
	GlobalSection(SolutionProperties) = preSolution
		HideSolutionNode = FALSE
	EndGlobalSection
	GlobalSection(ExtensibilityGlobals) = postSolution
		SolutionGuid = {B1AEA08E-D5DE-46EF-AF06-0CBB9F216720}
	EndGlobalSection
EndGlobal
